
Microsoft Visual Studio Solution File, Format Version 12.00
# Visual Studio Version 16
VisualStudioVersion = 16.0.31829.152
MinimumVisualStudioVersion = 10.0.40219.1
Project("{9A19103F-16F7-4668-BE54-9A1E7A4F7556}") = "API", "API\API.csproj", "{10453556-D570-402C-BA47-F6F2ED7EC588}"
EndProject
Project("{9A19103F-16F7-4668-BE54-9A1E7A4F7556}") = "DataAccess", "DataAccess\DataAccess.csproj", "{9B8F58FD-E0DD-4C0E-8481-C26866407117}"
EndProject
Project("{FAE04EC0-301F-11D3-BF4B-00C04F79EFBC}") = "Server", "Server\Server.csproj", "{28F5A6AB-3C74-4240-92CA-296AF2A3C2F9}"
EndProject
Global
	GlobalSection(SolutionConfigurationPlatforms) = preSolution
		Debug|Any CPU = Debug|Any CPU
		Release|Any CPU = Release|Any CPU
	EndGlobalSection
	GlobalSection(ProjectConfigurationPlatforms) = postSolution
		{10453556-D570-402C-BA47-F6F2ED7EC588}.Debug|Any CPU.ActiveCfg = Debug|Any CPU
		{10453556-D570-402C-BA47-F6F2ED7EC588}.Debug|Any CPU.Build.0 = Debug|Any CPU
		{10453556-D570-402C-BA47-F6F2ED7EC588}.Release|Any CPU.ActiveCfg = Release|Any CPU
		{10453556-D570-402C-BA47-F6F2ED7EC588}.Release|Any CPU.Build.0 = Release|Any CPU
		{9B8F58FD-E0DD-4C0E-8481-C26866407117}.Debug|Any CPU.ActiveCfg = Debug|Any CPU
		{9B8F58FD-E0DD-4C0E-8481-C26866407117}.Debug|Any CPU.Build.0 = Debug|Any CPU
		{9B8F58FD-E0DD-4C0E-8481-C26866407117}.Release|Any CPU.ActiveCfg = Release|Any CPU
		{9B8F58FD-E0DD-4C0E-8481-C26866407117}.Release|Any CPU.Build.0 = Release|Any CPU
		{28F5A6AB-3C74-4240-92CA-296AF2A3C2F9}.Debug|Any CPU.ActiveCfg = Debug|Any CPU
		{28F5A6AB-3C74-4240-92CA-296AF2A3C2F9}.Debug|Any CPU.Build.0 = Debug|Any CPU
		{28F5A6AB-3C74-4240-92CA-296AF2A3C2F9}.Release|Any CPU.ActiveCfg = Release|Any CPU
		{28F5A6AB-3C74-4240-92CA-296AF2A3C2F9}.Release|Any CPU.Build.0 = Release|Any CPU
	EndGlobalSection
	GlobalSection(SolutionProperties) = preSolution
		HideSolutionNode = FALSE
	EndGlobalSection
	GlobalSection(ExtensibilityGlobals) = postSolution
		SolutionGuid = {6E1AD261-A6C0-44C6-96C0-F051D631DAD0}
	EndGlobalSection
EndGlobal
